// !$*UTF8*$!
{
	archiveVersion = 1;
	classes = {
	};
	objectVersion = 56;
	objects = {

/* Begin PBXBuildFile section */
		4D6394DD2B2E047D00611018 /* DefaultTemplateApp.swift in Sources */ = {isa = PBXBuildFile; fileRef = 4D6394DC2B2E047D00611018 /* DefaultTemplateApp.swift */; };
		4D6394DF2B2E047D00611018 /* ContentView.swift in Sources */ = {isa = PBXBuildFile; fileRef = 4D6394DE2B2E047D00611018 /* ContentView.swift */; };
		4D6394E12B2E047D00611018 /* Item.swift in Sources */ = {isa = PBXBuildFile; fileRef = 4D6394E02B2E047D00611018 /* Item.swift */; };
		4D6394E32B2E048100611018 /* Assets.xcassets in Resources */ = {isa = PBXBuildFile; fileRef = 4D6394E22B2E048100611018 /* Assets.xcassets */; };
		4D6394E72B2E048100611018 /* Preview Assets.xcassets in Resources */ = {isa = PBXBuildFile; fileRef = 4D6394E62B2E048100611018 /* Preview Assets.xcassets */; };
		4D6394F12B2E048100611018 /* DefaultTemplateTests.swift in Sources */ = {isa = PBXBuildFile; fileRef = 4D6394F02B2E048100611018 /* DefaultTemplateTests.swift */; };
		4D6394FB2B2E048100611018 /* DefaultTemplateUITests.swift in Sources */ = {isa = PBXBuildFile; fileRef = 4D6394FA2B2E048100611018 /* DefaultTemplateUITests.swift */; };
		4D6394FD2B2E048100611018 /* DefaultTemplateUITestsLaunchTests.swift in Sources */ = {isa = PBXBuildFile; fileRef = 4D6394FC2B2E048100611018 /* DefaultTemplateUITestsLaunchTests.swift */; };
/* End PBXBuildFile section */

/* Begin PBXContainerItemProxy section */
		4D6394ED2B2E048100611018 /* PBXContainerItemProxy */ = {
			isa = PBXContainerItemProxy;
			containerPortal = 4D6394D12B2E047D00611018 /* Project object */;
			proxyType = 1;
			remoteGlobalIDString = 4D6394D82B2E047D00611018;
			remoteInfo = DefaultTemplate;
		};
		4D6394F72B2E048100611018 /* PBXContainerItemProxy */ = {
			isa = PBXContainerItemProxy;
			containerPortal = 4D6394D12B2E047D00611018 /* Project object */;
			proxyType = 1;
			remoteGlobalIDString = 4D6394D82B2E047D00611018;
			remoteInfo = DefaultTemplate;
		};
/* End PBXContainerItemProxy section */

/* Begin PBXFileReference section */
		4D6394D92B2E047D00611018 /* DefaultTemplate.app */ = {isa = PBXFileReference; explicitFileType = wrapper.application; includeInIndex = 0; path = DefaultTemplate.app; sourceTree = BUILT_PRODUCTS_DIR; };
		4D6394DC2B2E047D00611018 /* DefaultTemplateApp.swift */ = {isa = PBXFileReference; lastKnownFileType = sourcecode.swift; path = DefaultTemplateApp.swift; sourceTree = "<group>"; };
		4D6394DE2B2E047D00611018 /* ContentView.swift */ = {isa = PBXFileReference; lastKnownFileType = sourcecode.swift; path = ContentView.swift; sourceTree = "<group>"; };
		4D6394E02B2E047D00611018 /* Item.swift */ = {isa = PBXFileReference; lastKnownFileType = sourcecode.swift; path = Item.swift; sourceTree = "<group>"; };
		4D6394E22B2E048100611018 /* Assets.xcassets */ = {isa = PBXFileReference; lastKnownFileType = folder.assetcatalog; path = Assets.xcassets; sourceTree = "<group>"; };
		4D6394E42B2E048100611018 /* DefaultTemplate.entitlements */ = {isa = PBXFileReference; lastKnownFileType = text.plist.entitlements; path = DefaultTemplate.entitlements; sourceTree = "<group>"; };
		4D6394E62B2E048100611018 /* Preview Assets.xcassets */ = {isa = PBXFileReference; lastKnownFileType = folder.assetcatalog; path = "Preview Assets.xcassets"; sourceTree = "<group>"; };
		4D6394EC2B2E048100611018 /* DefaultTemplateTests.xctest */ = {isa = PBXFileReference; explicitFileType = wrapper.cfbundle; includeInIndex = 0; path = DefaultTemplateTests.xctest; sourceTree = BUILT_PRODUCTS_DIR; };
		4D6394F02B2E048100611018 /* DefaultTemplateTests.swift */ = {isa = PBXFileReference; lastKnownFileType = sourcecode.swift; path = DefaultTemplateTests.swift; sourceTree = "<group>"; };
		4D6394F62B2E048100611018 /* DefaultTemplateUITests.xctest */ = {isa = PBXFileReference; explicitFileType = wrapper.cfbundle; includeInIndex = 0; path = DefaultTemplateUITests.xctest; sourceTree = BUILT_PRODUCTS_DIR; };
		4D6394FA2B2E048100611018 /* DefaultTemplateUITests.swift */ = {isa = PBXFileReference; lastKnownFileType = sourcecode.swift; path = DefaultTemplateUITests.swift; sourceTree = "<group>"; };
		4D6394FC2B2E048100611018 /* DefaultTemplateUITestsLaunchTests.swift */ = {isa = PBXFileReference; lastKnownFileType = sourcecode.swift; path = DefaultTemplateUITestsLaunchTests.swift; sourceTree = "<group>"; };
/* End PBXFileReference section */

/* Begin PBXFrameworksBuildPhase section */
		4D6394D62B2E047D00611018 /* Frameworks */ = {
			isa = PBXFrameworksBuildPhase;
			buildActionMask = 2147483647;
			files = (
			);
			runOnlyForDeploymentPostprocessing = 0;
		};
		4D6394E92B2E048100611018 /* Frameworks */ = {
			isa = PBXFrameworksBuildPhase;
			buildActionMask = 2147483647;
			files = (
			);
			runOnlyForDeploymentPostprocessing = 0;
		};
		4D6394F32B2E048100611018 /* Frameworks */ = {
			isa = PBXFrameworksBuildPhase;
			buildActionMask = 2147483647;
			files = (
			);
			runOnlyForDeploymentPostprocessing = 0;
		};
/* End PBXFrameworksBuildPhase section */

/* Begin PBXGroup section */
		4D6394D02B2E047D00611018 = {
			isa = PBXGroup;
			children = (
				4D6394DB2B2E047D00611018 /* DefaultTemplate */,
				4D6394EF2B2E048100611018 /* DefaultTemplateTests */,
				4D6394F92B2E048100611018 /* DefaultTemplateUITests */,
				4D6394DA2B2E047D00611018 /* Products */,
			);
			sourceTree = "<group>";
		};
		4D6394DA2B2E047D00611018 /* Products */ = {
			isa = PBXGroup;
			children = (
				4D6394D92B2E047D00611018 /* DefaultTemplate.app */,
				4D6394EC2B2E048100611018 /* DefaultTemplateTests.xctest */,
				4D6394F62B2E048100611018 /* DefaultTemplateUITests.xctest */,
			);
			name = Products;
			sourceTree = "<group>";
		};
		4D6394DB2B2E047D00611018 /* DefaultTemplate */ = {
			isa = PBXGroup;
			children = (
				4D6394DC2B2E047D00611018 /* DefaultTemplateApp.swift */,
				4D6394DE2B2E047D00611018 /* ContentView.swift */,
				4D6394E02B2E047D00611018 /* Item.swift */,
				4D6394E22B2E048100611018 /* Assets.xcassets */,
				4D6394E42B2E048100611018 /* DefaultTemplate.entitlements */,
				4D6394E52B2E048100611018 /* Preview Content */,
			);
			path = DefaultTemplate;
			sourceTree = "<group>";
		};
		4D6394E52B2E048100611018 /* Preview Content */ = {
			isa = PBXGroup;
			children = (
				4D6394E62B2E048100611018 /* Preview Assets.xcassets */,
			);
			path = "Preview Content";
			sourceTree = "<group>";
		};
		4D6394EF2B2E048100611018 /* DefaultTemplateTests */ = {
			isa = PBXGroup;
			children = (
				4D6394F02B2E048100611018 /* DefaultTemplateTests.swift */,
			);
			path = DefaultTemplateTests;
			sourceTree = "<group>";
		};
		4D6394F92B2E048100611018 /* DefaultTemplateUITests */ = {
			isa = PBXGroup;
			children = (
				4D6394FA2B2E048100611018 /* DefaultTemplateUITests.swift */,
				4D6394FC2B2E048100611018 /* DefaultTemplateUITestsLaunchTests.swift */,
			);
			path = DefaultTemplateUITests;
			sourceTree = "<group>";
		};
/* End PBXGroup section */

/* Begin PBXNativeTarget section */
		4D6394D82B2E047D00611018 /* DefaultTemplate */ = {
			isa = PBXNativeTarget;
			buildConfigurationList = 4D6395002B2E048100611018 /* Build configuration list for PBXNativeTarget "DefaultTemplate" */;
			buildPhases = (
				4D6394D52B2E047D00611018 /* Sources */,
				4D6394D62B2E047D00611018 /* Frameworks */,
				4D6394D72B2E047D00611018 /* Resources */,
			);
			buildRules = (
			);
			dependencies = (
			);
			name = DefaultTemplate;
			productName = DefaultTemplate;
			productReference = 4D6394D92B2E047D00611018 /* DefaultTemplate.app */;
			productType = "com.apple.product-type.application";
		};
		4D6394EB2B2E048100611018 /* DefaultTemplateTests */ = {
			isa = PBXNativeTarget;
			buildConfigurationList = 4D6395032B2E048100611018 /* Build configuration list for PBXNativeTarget "DefaultTemplateTests" */;
			buildPhases = (
				4D6394E82B2E048100611018 /* Sources */,
				4D6394E92B2E048100611018 /* Frameworks */,
				4D6394EA2B2E048100611018 /* Resources */,
			);
			buildRules = (
			);
			dependencies = (
				4D6394EE2B2E048100611018 /* PBXTargetDependency */,
			);
			name = DefaultTemplateTests;
			productName = DefaultTemplateTests;
			productReference = 4D6394EC2B2E048100611018 /* DefaultTemplateTests.xctest */;
			productType = "com.apple.product-type.bundle.unit-test";
		};
		4D6394F52B2E048100611018 /* DefaultTemplateUITests */ = {
			isa = PBXNativeTarget;
			buildConfigurationList = 4D6395062B2E048100611018 /* Build configuration list for PBXNativeTarget "DefaultTemplateUITests" */;
			buildPhases = (
				4D6394F22B2E048100611018 /* Sources */,
				4D6394F32B2E048100611018 /* Frameworks */,
				4D6394F42B2E048100611018 /* Resources */,
			);
			buildRules = (
			);
			dependencies = (
				4D6394F82B2E048100611018 /* PBXTargetDependency */,
			);
			name = DefaultTemplateUITests;
			productName = DefaultTemplateUITests;
			productReference = 4D6394F62B2E048100611018 /* DefaultTemplateUITests.xctest */;
			productType = "com.apple.product-type.bundle.ui-testing";
		};
/* End PBXNativeTarget section */

/* Begin PBXProject section */
		4D6394D12B2E047D00611018 /* Project object */ = {
			isa = PBXProject;
			attributes = {
				BuildIndependentTargetsInParallel = 1;
				LastSwiftUpdateCheck = 1510;
				LastUpgradeCheck = 1510;
				TargetAttributes = {
					4D6394D82B2E047D00611018 = {
						CreatedOnToolsVersion = 15.1;
					};
					4D6394EB2B2E048100611018 = {
						CreatedOnToolsVersion = 15.1;
						TestTargetID = 4D6394D82B2E047D00611018;
					};
					4D6394F52B2E048100611018 = {
						CreatedOnToolsVersion = 15.1;
						TestTargetID = 4D6394D82B2E047D00611018;
					};
				};
			};
			buildConfigurationList = 4D6394D42B2E047D00611018 /* Build configuration list for PBXProject "DefaultTemplate" */;
			compatibilityVersion = "Xcode 14.0";
			developmentRegion = en;
			hasScannedForEncodings = 0;
			knownRegions = (
				en,
				Base,
			);
			mainGroup = 4D6394D02B2E047D00611018;
			productRefGroup = 4D6394DA2B2E047D00611018 /* Products */;
			projectDirPath = "";
			projectRoot = "";
			targets = (
				4D6394D82B2E047D00611018 /* DefaultTemplate */,
				4D6394EB2B2E048100611018 /* DefaultTemplateTests */,
				4D6394F52B2E048100611018 /* DefaultTemplateUITests */,
			);
		};
/* End PBXProject section */

/* Begin PBXResourcesBuildPhase section */
		4D6394D72B2E047D00611018 /* Resources */ = {
			isa = PBXResourcesBuildPhase;
			buildActionMask = 2147483647;
			files = (
				4D6394E72B2E048100611018 /* Preview Assets.xcassets in Resources */,
				4D6394E32B2E048100611018 /* Assets.xcassets in Resources */,
			);
			runOnlyForDeploymentPostprocessing = 0;
		};
		4D6394EA2B2E048100611018 /* Resources */ = {
			isa = PBXResourcesBuildPhase;
			buildActionMask = 2147483647;
			files = (
			);
			runOnlyForDeploymentPostprocessing = 0;
		};
		4D6394F42B2E048100611018 /* Resources */ = {
			isa = PBXResourcesBuildPhase;
			buildActionMask = 2147483647;
			files = (
			);
			runOnlyForDeploymentPostprocessing = 0;
		};
/* End PBXResourcesBuildPhase section */

/* Begin PBXSourcesBuildPhase section */
		4D6394D52B2E047D00611018 /* Sources */ = {
			isa = PBXSourcesBuildPhase;
			buildActionMask = 2147483647;
			files = (
				4D6394DF2B2E047D00611018 /* ContentView.swift in Sources */,
				4D6394E12B2E047D00611018 /* Item.swift in Sources */,
				4D6394DD2B2E047D00611018 /* DefaultTemplateApp.swift in Sources */,
			);
			runOnlyForDeploymentPostprocessing = 0;
		};
		4D6394E82B2E048100611018 /* Sources */ = {
			isa = PBXSourcesBuildPhase;
			buildActionMask = 2147483647;
			files = (
				4D6394F12B2E048100611018 /* DefaultTemplateTests.swift in Sources */,
			);
			runOnlyForDeploymentPostprocessing = 0;
		};
		4D6394F22B2E048100611018 /* Sources */ = {
			isa = PBXSourcesBuildPhase;
			buildActionMask = 2147483647;
			files = (
				4D6394FD2B2E048100611018 /* DefaultTemplateUITestsLaunchTests.swift in Sources */,
				4D6394FB2B2E048100611018 /* DefaultTemplateUITests.swift in Sources */,
			);
			runOnlyForDeploymentPostprocessing = 0;
		};
/* End PBXSourcesBuildPhase section */

/* Begin PBXTargetDependency section */
		4D6394EE2B2E048100611018 /* PBXTargetDependency */ = {
			isa = PBXTargetDependency;
			target = 4D6394D82B2E047D00611018 /* DefaultTemplate */;
			targetProxy = 4D6394ED2B2E048100611018 /* PBXContainerItemProxy */;
		};
		4D6394F82B2E048100611018 /* PBXTargetDependency */ = {
			isa = PBXTargetDependency;
			target = 4D6394D82B2E047D00611018 /* DefaultTemplate */;
			targetProxy = 4D6394F72B2E048100611018 /* PBXContainerItemProxy */;
		};
/* End PBXTargetDependency section */

/* Begin XCBuildConfiguration section */
		4D6394FE2B2E048100611018 /* Debug */ = {
			isa = XCBuildConfiguration;
			buildSettings = {
				ALWAYS_SEARCH_USER_PATHS = NO;
				ASSETCATALOG_COMPILER_GENERATE_SWIFT_ASSET_SYMBOL_EXTENSIONS = YES;
				CLANG_ANALYZER_NONNULL = YES;
				CLANG_ANALYZER_NUMBER_OBJECT_CONVERSION = YES_AGGRESSIVE;
				CLANG_CXX_LANGUAGE_STANDARD = "gnu++20";
				CLANG_ENABLE_MODULES = YES;
				CLANG_ENABLE_OBJC_ARC = YES;
				CLANG_ENABLE_OBJC_WEAK = YES;
				CLANG_WARN_BLOCK_CAPTURE_AUTORELEASING = YES;
				CLANG_WARN_BOOL_CONVERSION = YES;
				CLANG_WARN_COMMA = YES;
				CLANG_WARN_CONSTANT_CONVERSION = YES;
				CLANG_WARN_DEPRECATED_OBJC_IMPLEMENTATIONS = YES;
				CLANG_WARN_DIRECT_OBJC_ISA_USAGE = YES_ERROR;
				CLANG_WARN_DOCUMENTATION_COMMENTS = YES;
				CLANG_WARN_EMPTY_BODY = YES;
				CLANG_WARN_ENUM_CONVERSION = YES;
				CLANG_WARN_INFINITE_RECURSION = YES;
				CLANG_WARN_INT_CONVERSION = YES;
				CLANG_WARN_NON_LITERAL_NULL_CONVERSION = YES;
				CLANG_WARN_OBJC_IMPLICIT_RETAIN_SELF = YES;
				CLANG_WARN_OBJC_LITERAL_CONVERSION = YES;
				CLANG_WARN_OBJC_ROOT_CLASS = YES_ERROR;
				CLANG_WARN_QUOTED_INCLUDE_IN_FRAMEWORK_HEADER = YES;
				CLANG_WARN_RANGE_LOOP_ANALYSIS = YES;
				CLANG_WARN_STRICT_PROTOTYPES = YES;
				CLANG_WARN_SUSPICIOUS_MOVE = YES;
				CLANG_WARN_UNGUARDED_AVAILABILITY = YES_AGGRESSIVE;
				CLANG_WARN_UNREACHABLE_CODE = YES;
				CLANG_WARN__DUPLICATE_METHOD_MATCH = YES;
				COPY_PHASE_STRIP = NO;
				DEBUG_INFORMATION_FORMAT = dwarf;
				ENABLE_STRICT_OBJC_MSGSEND = YES;
				ENABLE_TESTABILITY = YES;
				ENABLE_USER_SCRIPT_SANDBOXING = YES;
				GCC_C_LANGUAGE_STANDARD = gnu17;
				GCC_DYNAMIC_NO_PIC = NO;
				GCC_NO_COMMON_BLOCKS = YES;
				GCC_OPTIMIZATION_LEVEL = 0;
				GCC_PREPROCESSOR_DEFINITIONS = (
					"DEBUG=1",
					"$(inherited)",
				);
				GCC_WARN_64_TO_32_BIT_CONVERSION = YES;
				GCC_WARN_ABOUT_RETURN_TYPE = YES_ERROR;
				GCC_WARN_UNDECLARED_SELECTOR = YES;
				GCC_WARN_UNINITIALIZED_AUTOS = YES_AGGRESSIVE;
				GCC_WARN_UNUSED_FUNCTION = YES;
				GCC_WARN_UNUSED_VARIABLE = YES;
				LOCALIZATION_PREFERS_STRING_CATALOGS = YES;
				MTL_ENABLE_DEBUG_INFO = INCLUDE_SOURCE;
				MTL_FAST_MATH = YES;
				ONLY_ACTIVE_ARCH = YES;
				SWIFT_ACTIVE_COMPILATION_CONDITIONS = "DEBUG $(inherited)";
				SWIFT_OPTIMIZATION_LEVEL = "-Onone";
			};
			name = Debug;
		};
		4D6394FF2B2E048100611018 /* Release */ = {
			isa = XCBuildConfiguration;
			buildSettings = {
				ALWAYS_SEARCH_USER_PATHS = NO;
				ASSETCATALOG_COMPILER_GENERATE_SWIFT_ASSET_SYMBOL_EXTENSIONS = YES;
				CLANG_ANALYZER_NONNULL = YES;
				CLANG_ANALYZER_NUMBER_OBJECT_CONVERSION = YES_AGGRESSIVE;
				CLANG_CXX_LANGUAGE_STANDARD = "gnu++20";
				CLANG_ENABLE_MODULES = YES;
				CLANG_ENABLE_OBJC_ARC = YES;
				CLANG_ENABLE_OBJC_WEAK = YES;
				CLANG_WARN_BLOCK_CAPTURE_AUTORELEASING = YES;
				CLANG_WARN_BOOL_CONVERSION = YES;
				CLANG_WARN_COMMA = YES;
				CLANG_WARN_CONSTANT_CONVERSION = YES;
				CLANG_WARN_DEPRECATED_OBJC_IMPLEMENTATIONS = YES;
				CLANG_WARN_DIRECT_OBJC_ISA_USAGE = YES_ERROR;
				CLANG_WARN_DOCUMENTATION_COMMENTS = YES;
				CLANG_WARN_EMPTY_BODY = YES;
				CLANG_WARN_ENUM_CONVERSION = YES;
				CLANG_WARN_INFINITE_RECURSION = YES;
				CLANG_WARN_INT_CONVERSION = YES;
				CLANG_WARN_NON_LITERAL_NULL_CONVERSION = YES;
				CLANG_WARN_OBJC_IMPLICIT_RETAIN_SELF = YES;
				CLANG_WARN_OBJC_LITERAL_CONVERSION = YES;
				CLANG_WARN_OBJC_ROOT_CLASS = YES_ERROR;
				CLANG_WARN_QUOTED_INCLUDE_IN_FRAMEWORK_HEADER = YES;
				CLANG_WARN_RANGE_LOOP_ANALYSIS = YES;
				CLANG_WARN_STRICT_PROTOTYPES = YES;
				CLANG_WARN_SUSPICIOUS_MOVE = YES;
				CLANG_WARN_UNGUARDED_AVAILABILITY = YES_AGGRESSIVE;
				CLANG_WARN_UNREACHABLE_CODE = YES;
				CLANG_WARN__DUPLICATE_METHOD_MATCH = YES;
				COPY_PHASE_STRIP = NO;
				DEBUG_INFORMATION_FORMAT = "dwarf-with-dsym";
				ENABLE_NS_ASSERTIONS = NO;
				ENABLE_STRICT_OBJC_MSGSEND = YES;
				ENABLE_USER_SCRIPT_SANDBOXING = YES;
				GCC_C_LANGUAGE_STANDARD = gnu17;
				GCC_NO_COMMON_BLOCKS = YES;
				GCC_WARN_64_TO_32_BIT_CONVERSION = YES;
				GCC_WARN_ABOUT_RETURN_TYPE = YES_ERROR;
				GCC_WARN_UNDECLARED_SELECTOR = YES;
				GCC_WARN_UNINITIALIZED_AUTOS = YES_AGGRESSIVE;
				GCC_WARN_UNUSED_FUNCTION = YES;
				GCC_WARN_UNUSED_VARIABLE = YES;
				LOCALIZATION_PREFERS_STRING_CATALOGS = YES;
				MTL_ENABLE_DEBUG_INFO = NO;
				MTL_FAST_MATH = YES;
				SWIFT_COMPILATION_MODE = wholemodule;
			};
			name = Release;
		};
		4D6395012B2E048100611018 /* Debug */ = {
			isa = XCBuildConfiguration;
			buildSettings = {
				ASSETCATALOG_COMPILER_APPICON_NAME = AppIcon;
				ASSETCATALOG_COMPILER_GLOBAL_ACCENT_COLOR_NAME = AccentColor;
				CODE_SIGN_ENTITLEMENTS = DefaultTemplate/DefaultTemplate.entitlements;
				CODE_SIGN_STYLE = Automatic;
				CURRENT_PROJECT_VERSION = 1;
				DEVELOPMENT_ASSET_PATHS = "\"DefaultTemplate/Preview Content\"";
				ENABLE_PREVIEWS = YES;
				GENERATE_INFOPLIST_FILE = YES;
				"INFOPLIST_KEY_UIApplicationSceneManifest_Generation[sdk=iphoneos*]" = YES;
				"INFOPLIST_KEY_UIApplicationSceneManifest_Generation[sdk=iphonesimulator*]" = YES;
				"INFOPLIST_KEY_UIApplicationSupportsIndirectInputEvents[sdk=iphoneos*]" = YES;
				"INFOPLIST_KEY_UIApplicationSupportsIndirectInputEvents[sdk=iphonesimulator*]" = YES;
				"INFOPLIST_KEY_UILaunchScreen_Generation[sdk=iphoneos*]" = YES;
				"INFOPLIST_KEY_UILaunchScreen_Generation[sdk=iphonesimulator*]" = YES;
				"INFOPLIST_KEY_UIStatusBarStyle[sdk=iphoneos*]" = UIStatusBarStyleDefault;
				"INFOPLIST_KEY_UIStatusBarStyle[sdk=iphonesimulator*]" = UIStatusBarStyleDefault;
				INFOPLIST_KEY_UISupportedInterfaceOrientations_iPad = "UIInterfaceOrientationPortrait UIInterfaceOrientationPortraitUpsideDown UIInterfaceOrientationLandscapeLeft UIInterfaceOrientationLandscapeRight";
				INFOPLIST_KEY_UISupportedInterfaceOrientations_iPhone = "UIInterfaceOrientationPortrait UIInterfaceOrientationLandscapeLeft UIInterfaceOrientationLandscapeRight";
				IPHONEOS_DEPLOYMENT_TARGET = 17.2;
				LD_RUNPATH_SEARCH_PATHS = "@executable_path/Frameworks";
				"LD_RUNPATH_SEARCH_PATHS[sdk=macosx*]" = "@executable_path/../Frameworks";
				MACOSX_DEPLOYMENT_TARGET = 14.0;
				MARKETING_VERSION = 1.0;
				PRODUCT_BUNDLE_IDENTIFIER = org.example.DefaultTemplate;
				PRODUCT_NAME = "$(TARGET_NAME)";
				SDKROOT = auto;
				SUPPORTED_PLATFORMS = "iphoneos iphonesimulator macosx";
				SWIFT_EMIT_LOC_STRINGS = YES;
				SWIFT_VERSION = 5.0;
				TARGETED_DEVICE_FAMILY = "1,2";
			};
			name = Debug;
		};
		4D6395022B2E048100611018 /* Release */ = {
			isa = XCBuildConfiguration;
			buildSettings = {
				ASSETCATALOG_COMPILER_APPICON_NAME = AppIcon;
				ASSETCATALOG_COMPILER_GLOBAL_ACCENT_COLOR_NAME = AccentColor;
				CODE_SIGN_ENTITLEMENTS = DefaultTemplate/DefaultTemplate.entitlements;
				CODE_SIGN_STYLE = Automatic;
				CURRENT_PROJECT_VERSION = 1;
				DEVELOPMENT_ASSET_PATHS = "\"DefaultTemplate/Preview Content\"";
				ENABLE_PREVIEWS = YES;
				GENERATE_INFOPLIST_FILE = YES;
				"INFOPLIST_KEY_UIApplicationSceneManifest_Generation[sdk=iphoneos*]" = YES;
				"INFOPLIST_KEY_UIApplicationSceneManifest_Generation[sdk=iphonesimulator*]" = YES;
				"INFOPLIST_KEY_UIApplicationSupportsIndirectInputEvents[sdk=iphoneos*]" = YES;
				"INFOPLIST_KEY_UIApplicationSupportsIndirectInputEvents[sdk=iphonesimulator*]" = YES;
				"INFOPLIST_KEY_UILaunchScreen_Generation[sdk=iphoneos*]" = YES;
				"INFOPLIST_KEY_UILaunchScreen_Generation[sdk=iphonesimulator*]" = YES;
				"INFOPLIST_KEY_UIStatusBarStyle[sdk=iphoneos*]" = UIStatusBarStyleDefault;
				"INFOPLIST_KEY_UIStatusBarStyle[sdk=iphonesimulator*]" = UIStatusBarStyleDefault;
				INFOPLIST_KEY_UISupportedInterfaceOrientations_iPad = "UIInterfaceOrientationPortrait UIInterfaceOrientationPortraitUpsideDown UIInterfaceOrientationLandscapeLeft UIInterfaceOrientationLandscapeRight";
				INFOPLIST_KEY_UISupportedInterfaceOrientations_iPhone = "UIInterfaceOrientationPortrait UIInterfaceOrientationLandscapeLeft UIInterfaceOrientationLandscapeRight";
				IPHONEOS_DEPLOYMENT_TARGET = 17.2;
				LD_RUNPATH_SEARCH_PATHS = "@executable_path/Frameworks";
				"LD_RUNPATH_SEARCH_PATHS[sdk=macosx*]" = "@executable_path/../Frameworks";
				MACOSX_DEPLOYMENT_TARGET = 14.0;
				MARKETING_VERSION = 1.0;
				PRODUCT_BUNDLE_IDENTIFIER = org.example.DefaultTemplate;
				PRODUCT_NAME = "$(TARGET_NAME)";
				SDKROOT = auto;
				SUPPORTED_PLATFORMS = "iphoneos iphonesimulator macosx";
				SWIFT_EMIT_LOC_STRINGS = YES;
				SWIFT_VERSION = 5.0;
				TARGETED_DEVICE_FAMILY = "1,2";
			};
			name = Release;
		};
		4D6395042B2E048100611018 /* Debug */ = {
			isa = XCBuildConfiguration;
			buildSettings = {
				ALWAYS_EMBED_SWIFT_STANDARD_LIBRARIES = YES;
				BUNDLE_LOADER = "$(TEST_HOST)";
				CODE_SIGN_STYLE = Automatic;
				CURRENT_PROJECT_VERSION = 1;
				GENERATE_INFOPLIST_FILE = YES;
				IPHONEOS_DEPLOYMENT_TARGET = 17.2;
				MACOSX_DEPLOYMENT_TARGET = 14.2;
				MARKETING_VERSION = 1.0;
				PRODUCT_BUNDLE_IDENTIFIER = org.example.DefaultTemplateTests;
				PRODUCT_NAME = "$(TARGET_NAME)";
				SDKROOT = auto;
				SUPPORTED_PLATFORMS = "iphoneos iphonesimulator macosx";
				SWIFT_EMIT_LOC_STRINGS = NO;
				SWIFT_VERSION = 5.0;
				TARGETED_DEVICE_FAMILY = "1,2";
				TEST_HOST = "$(BUILT_PRODUCTS_DIR)/DefaultTemplate.app/$(BUNDLE_EXECUTABLE_FOLDER_PATH)/DefaultTemplate";
			};
			name = Debug;
		};
		4D6395052B2E048100611018 /* Release */ = {
			isa = XCBuildConfiguration;
			buildSettings = {
				ALWAYS_EMBED_SWIFT_STANDARD_LIBRARIES = YES;
				BUNDLE_LOADER = "$(TEST_HOST)";
				CODE_SIGN_STYLE = Automatic;
				CURRENT_PROJECT_VERSION = 1;
				GENERATE_INFOPLIST_FILE = YES;
				IPHONEOS_DEPLOYMENT_TARGET = 17.2;
				MACOSX_DEPLOYMENT_TARGET = 14.2;
				MARKETING_VERSION = 1.0;
				PRODUCT_BUNDLE_IDENTIFIER = org.example.DefaultTemplateTests;
				PRODUCT_NAME = "$(TARGET_NAME)";
				SDKROOT = auto;
				SUPPORTED_PLATFORMS = "iphoneos iphonesimulator macosx";
				SWIFT_EMIT_LOC_STRINGS = NO;
				SWIFT_VERSION = 5.0;
				TARGETED_DEVICE_FAMILY = "1,2";
				TEST_HOST = "$(BUILT_PRODUCTS_DIR)/DefaultTemplate.app/$(BUNDLE_EXECUTABLE_FOLDER_PATH)/DefaultTemplate";
			};
			name = Release;
		};
		4D6395072B2E048100611018 /* Debug */ = {
			isa = XCBuildConfiguration;
			buildSettings = {
				ALWAYS_EMBED_SWIFT_STANDARD_LIBRARIES = YES;
				CODE_SIGN_STYLE = Automatic;
				CURRENT_PROJECT_VERSION = 1;
				GENERATE_INFOPLIST_FILE = YES;
				IPHONEOS_DEPLOYMENT_TARGET = 17.2;
				MACOSX_DEPLOYMENT_TARGET = 14.2;
				MARKETING_VERSION = 1.0;
				PRODUCT_BUNDLE_IDENTIFIER = org.example.DefaultTemplateUITests;
				PRODUCT_NAME = "$(TARGET_NAME)";
				SDKROOT = auto;
				SUPPORTED_PLATFORMS = "iphoneos iphonesimulator macosx";
				SWIFT_EMIT_LOC_STRINGS = NO;
				SWIFT_VERSION = 5.0;
				TARGETED_DEVICE_FAMILY = "1,2";
				TEST_TARGET_NAME = DefaultTemplate;
			};
			name = Debug;
		};
		4D6395082B2E048100611018 /* Release */ = {
			isa = XCBuildConfiguration;
			buildSettings = {
				ALWAYS_EMBED_SWIFT_STANDARD_LIBRARIES = YES;
				CODE_SIGN_STYLE = Automatic;
				CURRENT_PROJECT_VERSION = 1;
				GENERATE_INFOPLIST_FILE = YES;
				IPHONEOS_DEPLOYMENT_TARGET = 17.2;
				MACOSX_DEPLOYMENT_TARGET = 14.2;
				MARKETING_VERSION = 1.0;
				PRODUCT_BUNDLE_IDENTIFIER = org.example.DefaultTemplateUITests;
				PRODUCT_NAME = "$(TARGET_NAME)";
				SDKROOT = auto;
				SUPPORTED_PLATFORMS = "iphoneos iphonesimulator macosx";
				SWIFT_EMIT_LOC_STRINGS = NO;
				SWIFT_VERSION = 5.0;
				TARGETED_DEVICE_FAMILY = "1,2";
				TEST_TARGET_NAME = DefaultTemplate;
			};
			name = Release;
		};
/* End XCBuildConfiguration section */

/* Begin XCConfigurationList section */
		4D6394D42B2E047D00611018 /* Build configuration list for PBXProject "DefaultTemplate" */ = {
			isa = XCConfigurationList;
			buildConfigurations = (
				4D6394FE2B2E048100611018 /* Debug */,
				4D6394FF2B2E048100611018 /* Release */,
			);
			defaultConfigurationIsVisible = 0;
			defaultConfigurationName = Release;
		};
		4D6395002B2E048100611018 /* Build configuration list for PBXNativeTarget "DefaultTemplate" */ = {
			isa = XCConfigurationList;
			buildConfigurations = (
				4D6395012B2E048100611018 /* Debug */,
				4D6395022B2E048100611018 /* Release */,
			);
			defaultConfigurationIsVisible = 0;
			defaultConfigurationName = Release;
		};
		4D6395032B2E048100611018 /* Build configuration list for PBXNativeTarget "DefaultTemplateTests" */ = {
			isa = XCConfigurationList;
			buildConfigurations = (
				4D6395042B2E048100611018 /* Debug */,
				4D6395052B2E048100611018 /* Release */,
			);
			defaultConfigurationIsVisible = 0;
			defaultConfigurationName = Release;
		};
		4D6395062B2E048100611018 /* Build configuration list for PBXNativeTarget "DefaultTemplateUITests" */ = {
			isa = XCConfigurationList;
			buildConfigurations = (
				4D6395072B2E048100611018 /* Debug */,
				4D6395082B2E048100611018 /* Release */,
			);
			defaultConfigurationIsVisible = 0;
			defaultConfigurationName = Release;
		};
/* End XCConfigurationList section */
	};
	rootObject = 4D6394D12B2E047D00611018 /* Project object */;
}
